code.hybscloud.com/iox v0.3.0 h1:oJrw/edwKjrf3Dh1QYME0mMJlIIEX0eHJSad9YmNjhY=
code.hybscloud.com/iox v0.3.0/go.mod h1:iI+veuSidBEVjVhhlm7vpnmuloWYTigfSsOIh342i3s=
code.hybscloud.com/spin v0.1.2 h1:jOo9LKd0CJSMwm/fgXHojO9D+eY9xolwcdXWSUBaM04=
code.hybscloud.com/spin v0.1.2/go.mod h1:9Kx1eMuWfqmqx4P8ze9E4AdzfyJnKAQ+vvUsERJQSj4=
